# This file is automatically @generated by Cargo.
# It is not intended for manual editing.
version = 3

[[package]]
name = "log"
version = "0.4.22"
source = "git+https://github.com/rust-lang/log.git?rev=d1a8306aadb88d56b74c73cdce4ef0153fb549cb#d1a8306aadb88d56b74c73cdce4ef0153fb549cb"

[[package]]
name = "vendor-repro"
version = "0.0.0"
dependencies = [
 "log",
]
